// !$*UTF8*$!
{
	archiveVersion = 1;
	classes = {
	};
	objectVersion = 50;
	objects = {

/* Begin PBXBuildFile section */
		0549C712D7E375905A97CC31 /* Pods_RealmSample.framework in Frameworks */ = {isa = PBXBuildFile; fileRef = 31859FCF196DEA6FAC495183 /* Pods_RealmSample.framework */; };
		1D464FE2FF4F023CC0D834D9 /* Pods_RealmSampleTests.framework in Frameworks */ = {isa = PBXBuildFile; fileRef = D3DCEE13D912461CFCFF059B /* Pods_RealmSampleTests.framework */; };
		65C1BBE38A962BB3BF4A4B73 /* Pods_RealmSampleUITests.framework in Frameworks */ = {isa = PBXBuildFile; fileRef = BFF92709861A9C25814EB877 /* Pods_RealmSampleUITests.framework */; };
		A779B31F218ECEEA0012EA83 /* AppDelegate.swift in Sources */ = {isa = PBXBuildFile; fileRef = A779B31E218ECEEA0012EA83 /* AppDelegate.swift */; };
		A779B321218ECEEA0012EA83 /* ViewController.swift in Sources */ = {isa = PBXBuildFile; fileRef = A779B320218ECEEA0012EA83 /* ViewController.swift */; };
		A779B324218ECEEA0012EA83 /* Main.storyboard in Resources */ = {isa = PBXBuildFile; fileRef = A779B322218ECEEA0012EA83 /* Main.storyboard */; };
		A779B326218ECEEB0012EA83 /* Assets.xcassets in Resources */ = {isa = PBXBuildFile; fileRef = A779B325218ECEEB0012EA83 /* Assets.xcassets */; };
		A779B329218ECEEB0012EA83 /* LaunchScreen.storyboard in Resources */ = {isa = PBXBuildFile; fileRef = A779B327218ECEEB0012EA83 /* LaunchScreen.storyboard */; };
		A779B334218ECEEB0012EA83 /* RealmSampleTests.swift in Sources */ = {isa = PBXBuildFile; fileRef = A779B333218ECEEB0012EA83 /* RealmSampleTests.swift */; };
		A779B33F218ECEEB0012EA83 /* RealmSampleUITests.swift in Sources */ = {isa = PBXBuildFile; fileRef = A779B33E218ECEEB0012EA83 /* RealmSampleUITests.swift */; };
		A779B34D218ED0370012EA83 /* AddViewController.swift in Sources */ = {isa = PBXBuildFile; fileRef = A779B34C218ED0370012EA83 /* AddViewController.swift */; };
		A779B34F21901F6E0012EA83 /* TableViewController.swift in Sources */ = {isa = PBXBuildFile; fileRef = A779B34E21901F6E0012EA83 /* TableViewController.swift */; };
		A779B351219021860012EA83 /* Todo.swift in Sources */ = {isa = PBXBuildFile; fileRef = A779B350219021860012EA83 /* Todo.swift */; };
/* End PBXBuildFile section */

/* Begin PBXContainerItemProxy section */
		A779B330218ECEEB0012EA83 /* PBXContainerItemProxy */ = {
			isa = PBXContainerItemProxy;
			containerPortal = A779B313218ECEEA0012EA83 /* Project object */;
			proxyType = 1;
			remoteGlobalIDString = A779B31A218ECEEA0012EA83;
			remoteInfo = RealmSample;
		};
		A779B33B218ECEEB0012EA83 /* PBXContainerItemProxy */ = {
			isa = PBXContainerItemProxy;
			containerPortal = A779B313218ECEEA0012EA83 /* Project object */;
			proxyType = 1;
			remoteGlobalIDString = A779B31A218ECEEA0012EA83;
			remoteInfo = RealmSample;
		};
/* End PBXContainerItemProxy section */

/* Begin PBXFileReference section */
		090F14B64D9B958B0BB3D6D1 /* Pods-RealmSampleUITests.release.xcconfig */ = {isa = PBXFileReference; includeInIndex = 1; lastKnownFileType = text.xcconfig; name = "Pods-RealmSampleUITests.release.xcconfig"; path = "Pods/Target Support Files/Pods-RealmSampleUITests/Pods-RealmSampleUITests.release.xcconfig"; sourceTree = "<group>"; };
		16544F63C41C3625B692D27A /* Pods-RealmSample.debug.xcconfig */ = {isa = PBXFileReference; includeInIndex = 1; lastKnownFileType = text.xcconfig; name = "Pods-RealmSample.debug.xcconfig"; path = "Pods/Target Support Files/Pods-RealmSample/Pods-RealmSample.debug.xcconfig"; sourceTree = "<group>"; };
		21297A981F3289BBA8B6863E /* Pods-RealmSampleUITests.debug.xcconfig */ = {isa = PBXFileReference; includeInIndex = 1; lastKnownFileType = text.xcconfig; name = "Pods-RealmSampleUITests.debug.xcconfig"; path = "Pods/Target Support Files/Pods-RealmSampleUITests/Pods-RealmSampleUITests.debug.xcconfig"; sourceTree = "<group>"; };
		31859FCF196DEA6FAC495183 /* Pods_RealmSample.framework */ = {isa = PBXFileReference; explicitFileType = wrapper.framework; includeInIndex = 0; path = Pods_RealmSample.framework; sourceTree = BUILT_PRODUCTS_DIR; };
		31EF3CACA34B3E7D899DF0FC /* Pods-RealmSample.release.xcconfig */ = {isa = PBXFileReference; includeInIndex = 1; lastKnownFileType = text.xcconfig; name = "Pods-RealmSample.release.xcconfig"; path = "Pods/Target Support Files/Pods-RealmSample/Pods-RealmSample.release.xcconfig"; sourceTree = "<group>"; };
		494DF142088F7A6E2A234F1C /* Pods-RealmSampleTests.debug.xcconfig */ = {isa = PBXFileReference; includeInIndex = 1; lastKnownFileType = text.xcconfig; name = "Pods-RealmSampleTests.debug.xcconfig"; path = "Pods/Target Support Files/Pods-RealmSampleTests/Pods-RealmSampleTests.debug.xcconfig"; sourceTree = "<group>"; };
		607FC1E90AC30E128FC06588 /* Pods-RealmSampleTests.release.xcconfig */ = {isa = PBXFileReference; includeInIndex = 1; lastKnownFileType = text.xcconfig; name = "Pods-RealmSampleTests.release.xcconfig"; path = "Pods/Target Support Files/Pods-RealmSampleTests/Pods-RealmSampleTests.release.xcconfig"; sourceTree = "<group>"; };
		A779B31B218ECEEA0012EA83 /* RealmSample.app */ = {isa = PBXFileReference; explicitFileType = wrapper.application; includeInIndex = 0; path = RealmSample.app; sourceTree = BUILT_PRODUCTS_DIR; };
		A779B31E218ECEEA0012EA83 /* AppDelegate.swift */ = {isa = PBXFileReference; lastKnownFileType = sourcecode.swift; path = AppDelegate.swift; sourceTree = "<group>"; };
		A779B320218ECEEA0012EA83 /* ViewController.swift */ = {isa = PBXFileReference; lastKnownFileType = sourcecode.swift; path = ViewController.swift; sourceTree = "<group>"; };
		A779B323218ECEEA0012EA83 /* Base */ = {isa = PBXFileReference; lastKnownFileType = file.storyboard; name = Base; path = Base.lproj/Main.storyboard; sourceTree = "<group>"; };
		A779B325218ECEEB0012EA83 /* Assets.xcassets */ = {isa = PBXFileReference; lastKnownFileType = folder.assetcatalog; path = Assets.xcassets; sourceTree = "<group>"; };
		A779B328218ECEEB0012EA83 /* Base */ = {isa = PBXFileReference; lastKnownFileType = file.storyboard; name = Base; path = Base.lproj/LaunchScreen.storyboard; sourceTree = "<group>"; };
		A779B32A218ECEEB0012EA83 /* Info.plist */ = {isa = PBXFileReference; lastKnownFileType = text.plist.xml; path = Info.plist; sourceTree = "<group>"; };
		A779B32F218ECEEB0012EA83 /* RealmSampleTests.xctest */ = {isa = PBXFileReference; explicitFileType = wrapper.cfbundle; includeInIndex = 0; path = RealmSampleTests.xctest; sourceTree = BUILT_PRODUCTS_DIR; };
		A779B333218ECEEB0012EA83 /* RealmSampleTests.swift */ = {isa = PBXFileReference; lastKnownFileType = sourcecode.swift; path = RealmSampleTests.swift; sourceTree = "<group>"; };
		A779B335218ECEEB0012EA83 /* Info.plist */ = {isa = PBXFileReference; lastKnownFileType = text.plist.xml; path = Info.plist; sourceTree = "<group>"; };
		A779B33A218ECEEB0012EA83 /* RealmSampleUITests.xctest */ = {isa = PBXFileReference; explicitFileType = wrapper.cfbundle; includeInIndex = 0; path = RealmSampleUITests.xctest; sourceTree = BUILT_PRODUCTS_DIR; };
		A779B33E218ECEEB0012EA83 /* RealmSampleUITests.swift */ = {isa = PBXFileReference; lastKnownFileType = sourcecode.swift; path = RealmSampleUITests.swift; sourceTree = "<group>"; };
		A779B340218ECEEB0012EA83 /* Info.plist */ = {isa = PBXFileReference; lastKnownFileType = text.plist.xml; path = Info.plist; sourceTree = "<group>"; };
		A779B34C218ED0370012EA83 /* AddViewController.swift */ = {isa = PBXFileReference; lastKnownFileType = sourcecode.swift; path = AddViewController.swift; sourceTree = "<group>"; };
		A779B34E21901F6E0012EA83 /* TableViewController.swift */ = {isa = PBXFileReference; lastKnownFileType = sourcecode.swift; path = TableViewController.swift; sourceTree = "<group>"; };
		A779B350219021860012EA83 /* Todo.swift */ = {isa = PBXFileReference; lastKnownFileType = sourcecode.swift; path = Todo.swift; sourceTree = "<group>"; };
		BFF92709861A9C25814EB877 /* Pods_RealmSampleUITests.framework */ = {isa = PBXFileReference; explicitFileType = wrapper.framework; includeInIndex = 0; path = Pods_RealmSampleUITests.framework; sourceTree = BUILT_PRODUCTS_DIR; };
		D3DCEE13D912461CFCFF059B /* Pods_RealmSampleTests.framework */ = {isa = PBXFileReference; explicitFileType = wrapper.framework; includeInIndex = 0; path = Pods_RealmSampleTests.framework; sourceTree = BUILT_PRODUCTS_DIR; };
/* End PBXFileReference section */

/* Begin PBXFrameworksBuildPhase section */
		A779B318218ECEEA0012EA83 /* Frameworks */ = {
			isa = PBXFrameworksBuildPhase;
			buildActionMask = 2147483647;
			files = (
				0549C712D7E375905A97CC31 /* Pods_RealmSample.framework in Frameworks */,
			);
			runOnlyForDeploymentPostprocessing = 0;
		};
		A779B32C218ECEEB0012EA83 /* Frameworks */ = {
			isa = PBXFrameworksBuildPhase;
			buildActionMask = 2147483647;
			files = (
				1D464FE2FF4F023CC0D834D9 /* Pods_RealmSampleTests.framework in Frameworks */,
			);
			runOnlyForDeploymentPostprocessing = 0;
		};
		A779B337218ECEEB0012EA83 /* Frameworks */ = {
			isa = PBXFrameworksBuildPhase;
			buildActionMask = 2147483647;
			files = (
				65C1BBE38A962BB3BF4A4B73 /* Pods_RealmSampleUITests.framework in Frameworks */,
			);
			runOnlyForDeploymentPostprocessing = 0;
		};
/* End PBXFrameworksBuildPhase section */

/* Begin PBXGroup section */
		7B383855AA9780FFC358B628 /* Frameworks */ = {
			isa = PBXGroup;
			children = (
				31859FCF196DEA6FAC495183 /* Pods_RealmSample.framework */,
				D3DCEE13D912461CFCFF059B /* Pods_RealmSampleTests.framework */,
				BFF92709861A9C25814EB877 /* Pods_RealmSampleUITests.framework */,
			);
			name = Frameworks;
			sourceTree = "<group>";
		};
		A779B312218ECEEA0012EA83 = {
			isa = PBXGroup;
			children = (
				A779B31D218ECEEA0012EA83 /* RealmSample */,
				A779B332218ECEEB0012EA83 /* RealmSampleTests */,
				A779B33D218ECEEB0012EA83 /* RealmSampleUITests */,
				A779B31C218ECEEA0012EA83 /* Products */,
				BEED160CFAF8DC77C5BD0E80 /* Pods */,
				7B383855AA9780FFC358B628 /* Frameworks */,
			);
			sourceTree = "<group>";
		};
		A779B31C218ECEEA0012EA83 /* Products */ = {
			isa = PBXGroup;
			children = (
				A779B31B218ECEEA0012EA83 /* RealmSample.app */,
				A779B32F218ECEEB0012EA83 /* RealmSampleTests.xctest */,
				A779B33A218ECEEB0012EA83 /* RealmSampleUITests.xctest */,
			);
			name = Products;
			sourceTree = "<group>";
		};
		A779B31D218ECEEA0012EA83 /* RealmSample */ = {
			isa = PBXGroup;
			children = (
				A779B31E218ECEEA0012EA83 /* AppDelegate.swift */,
				A779B320218ECEEA0012EA83 /* ViewController.swift */,
				A779B34E21901F6E0012EA83 /* TableViewController.swift */,
				A779B34C218ED0370012EA83 /* AddViewController.swift */,
				A779B322218ECEEA0012EA83 /* Main.storyboard */,
				A779B350219021860012EA83 /* Todo.swift */,
				A779B325218ECEEB0012EA83 /* Assets.xcassets */,
				A779B327218ECEEB0012EA83 /* LaunchScreen.storyboard */,
				A779B32A218ECEEB0012EA83 /* Info.plist */,
			);
			path = RealmSample;
			sourceTree = "<group>";
		};
		A779B332218ECEEB0012EA83 /* RealmSampleTests */ = {
			isa = PBXGroup;
			children = (
				A779B333218ECEEB0012EA83 /* RealmSampleTests.swift */,
				A779B335218ECEEB0012EA83 /* Info.plist */,
			);
			path = RealmSampleTests;
			sourceTree = "<group>";
		};
		A779B33D218ECEEB0012EA83 /* RealmSampleUITests */ = {
			isa = PBXGroup;
			children = (
				A779B33E218ECEEB0012EA83 /* RealmSampleUITests.swift */,
				A779B340218ECEEB0012EA83 /* Info.plist */,
			);
			path = RealmSampleUITests;
			sourceTree = "<group>";
		};
		BEED160CFAF8DC77C5BD0E80 /* Pods */ = {
			isa = PBXGroup;
			children = (
				16544F63C41C3625B692D27A /* Pods-RealmSample.debug.xcconfig */,
				31EF3CACA34B3E7D899DF0FC /* Pods-RealmSample.release.xcconfig */,
				494DF142088F7A6E2A234F1C /* Pods-RealmSampleTests.debug.xcconfig */,
				607FC1E90AC30E128FC06588 /* Pods-RealmSampleTests.release.xcconfig */,
				21297A981F3289BBA8B6863E /* Pods-RealmSampleUITests.debug.xcconfig */,
				090F14B64D9B958B0BB3D6D1 /* Pods-RealmSampleUITests.release.xcconfig */,
			);
			name = Pods;
			sourceTree = "<group>";
		};
/* End PBXGroup section */

/* Begin PBXNativeTarget section */
		A779B31A218ECEEA0012EA83 /* RealmSample */ = {
			isa = PBXNativeTarget;
			buildConfigurationList = A779B343218ECEEC0012EA83 /* Build configuration list for PBXNativeTarget "RealmSample" */;
			buildPhases = (
				75002165002353AAC74D3766 /* [CP] Check Pods Manifest.lock */,
				A779B317218ECEEA0012EA83 /* Sources */,
				A779B318218ECEEA0012EA83 /* Frameworks */,
				A779B319218ECEEA0012EA83 /* Resources */,
				706025908EC6D0917A8BD73E /* [CP] Embed Pods Frameworks */,
			);
			buildRules = (
			);
			dependencies = (
			);
			name = RealmSample;
			productName = RealmSample;
			productReference = A779B31B218ECEEA0012EA83 /* RealmSample.app */;
			productType = "com.apple.product-type.application";
		};
		A779B32E218ECEEB0012EA83 /* RealmSampleTests */ = {
			isa = PBXNativeTarget;
			buildConfigurationList = A779B346218ECEEC0012EA83 /* Build configuration list for PBXNativeTarget "RealmSampleTests" */;
			buildPhases = (
				2545775B25F1F2383EBA1A45 /* [CP] Check Pods Manifest.lock */,
				A779B32B218ECEEB0012EA83 /* Sources */,
				A779B32C218ECEEB0012EA83 /* Frameworks */,
				A779B32D218ECEEB0012EA83 /* Resources */,
			);
			buildRules = (
			);
			dependencies = (
				A779B331218ECEEB0012EA83 /* PBXTargetDependency */,
			);
			name = RealmSampleTests;
			productName = RealmSampleTests;
			productReference = A779B32F218ECEEB0012EA83 /* RealmSampleTests.xctest */;
			productType = "com.apple.product-type.bundle.unit-test";
		};
		A779B339218ECEEB0012EA83 /* RealmSampleUITests */ = {
			isa = PBXNativeTarget;
			buildConfigurationList = A779B349218ECEEC0012EA83 /* Build configuration list for PBXNativeTarget "RealmSampleUITests" */;
			buildPhases = (
				68EE2C9C88C394A26BBEF196 /* [CP] Check Pods Manifest.lock */,
				A779B336218ECEEB0012EA83 /* Sources */,
				A779B337218ECEEB0012EA83 /* Frameworks */,
				A779B338218ECEEB0012EA83 /* Resources */,
			);
			buildRules = (
			);
			dependencies = (
				A779B33C218ECEEB0012EA83 /* PBXTargetDependency */,
			);
			name = RealmSampleUITests;
			productName = RealmSampleUITests;
			productReference = A779B33A218ECEEB0012EA83 /* RealmSampleUITests.xctest */;
			productType = "com.apple.product-type.bundle.ui-testing";
		};
/* End PBXNativeTarget section */

/* Begin PBXProject section */
		A779B313218ECEEA0012EA83 /* Project object */ = {
			isa = PBXProject;
			attributes = {
				LastSwiftUpdateCheck = 1000;
				LastUpgradeCheck = 1000;
				ORGANIZATIONNAME = Shiromu;
				TargetAttributes = {
					A779B31A218ECEEA0012EA83 = {
						CreatedOnToolsVersion = 10.0;
					};
					A779B32E218ECEEB0012EA83 = {
						CreatedOnToolsVersion = 10.0;
						TestTargetID = A779B31A218ECEEA0012EA83;
					};
					A779B339218ECEEB0012EA83 = {
						CreatedOnToolsVersion = 10.0;
						TestTargetID = A779B31A218ECEEA0012EA83;
					};
				};
			};
			buildConfigurationList = A779B316218ECEEA0012EA83 /* Build configuration list for PBXProject "RealmSample" */;
			compatibilityVersion = "Xcode 9.3";
			developmentRegion = en;
			hasScannedForEncodings = 0;
			knownRegions = (
				en,
				Base,
			);
			mainGroup = A779B312218ECEEA0012EA83;
			productRefGroup = A779B31C218ECEEA0012EA83 /* Products */;
			projectDirPath = "";
			projectRoot = "";
			targets = (
				A779B31A218ECEEA0012EA83 /* RealmSample */,
				A779B32E218ECEEB0012EA83 /* RealmSampleTests */,
				A779B339218ECEEB0012EA83 /* RealmSampleUITests */,
			);
		};
/* End PBXProject section */

/* Begin PBXResourcesBuildPhase section */
		A779B319218ECEEA0012EA83 /* Resources */ = {
			isa = PBXResourcesBuildPhase;
			buildActionMask = 2147483647;
			files = (
				A779B329218ECEEB0012EA83 /* LaunchScreen.storyboard in Resources */,
				A779B326218ECEEB0012EA83 /* Assets.xcassets in Resources */,
				A779B324218ECEEA0012EA83 /* Main.storyboard in Resources */,
			);
			runOnlyForDeploymentPostprocessing = 0;
		};
		A779B32D218ECEEB0012EA83 /* Resources */ = {
			isa = PBXResourcesBuildPhase;
			buildActionMask = 2147483647;
			files = (
			);
			runOnlyForDeploymentPostprocessing = 0;
		};
		A779B338218ECEEB0012EA83 /* Resources */ = {
			isa = PBXResourcesBuildPhase;
			buildActionMask = 2147483647;
			files = (
			);
			runOnlyForDeploymentPostprocessing = 0;
		};
/* End PBXResourcesBuildPhase section */

/* Begin PBXShellScriptBuildPhase section */
		2545775B25F1F2383EBA1A45 /* [CP] Check Pods Manifest.lock */ = {
			isa = PBXShellScriptBuildPhase;
			buildActionMask = 2147483647;
			files = (
			);
			inputFileListPaths = (
			);
			inputPaths = (
				"${PODS_PODFILE_DIR_PATH}/Podfile.lock",
				"${PODS_ROOT}/Manifest.lock",
			);
			name = "[CP] Check Pods Manifest.lock";
			outputFileListPaths = (
			);
			outputPaths = (
				"$(DERIVED_FILE_DIR)/Pods-RealmSampleTests-checkManifestLockResult.txt",
			);
			runOnlyForDeploymentPostprocessing = 0;
			shellPath = /bin/sh;
			shellScript = "diff \"${PODS_PODFILE_DIR_PATH}/Podfile.lock\" \"${PODS_ROOT}/Manifest.lock\" > /dev/null\nif [ $? != 0 ] ; then\n    # print error to STDERR\n    echo \"error: The sandbox is not in sync with the Podfile.lock. Run 'pod install' or update your CocoaPods installation.\" >&2\n    exit 1\nfi\n# This output is used by Xcode 'outputs' to avoid re-running this script phase.\necho \"SUCCESS\" > \"${SCRIPT_OUTPUT_FILE_0}\"\n";
			showEnvVarsInLog = 0;
		};
		68EE2C9C88C394A26BBEF196 /* [CP] Check Pods Manifest.lock */ = {
			isa = PBXShellScriptBuildPhase;
			buildActionMask = 2147483647;
			files = (
			);
			inputFileListPaths = (
			);
			inputPaths = (
				"${PODS_PODFILE_DIR_PATH}/Podfile.lock",
				"${PODS_ROOT}/Manifest.lock",
			);
			name = "[CP] Check Pods Manifest.lock";
			outputFileListPaths = (
			);
			outputPaths = (
				"$(DERIVED_FILE_DIR)/Pods-RealmSampleUITests-checkManifestLockResult.txt",
			);
			runOnlyForDeploymentPostprocessing = 0;
			shellPath = /bin/sh;
			shellScript = "diff \"${PODS_PODFILE_DIR_PATH}/Podfile.lock\" \"${PODS_ROOT}/Manifest.lock\" > /dev/null\nif [ $? != 0 ] ; then\n    # print error to STDERR\n    echo \"error: The sandbox is not in sync with the Podfile.lock. Run 'pod install' or update your CocoaPods installation.\" >&2\n    exit 1\nfi\n# This output is used by Xcode 'outputs' to avoid re-running this script phase.\necho \"SUCCESS\" > \"${SCRIPT_OUTPUT_FILE_0}\"\n";
			showEnvVarsInLog = 0;
		};
		706025908EC6D0917A8BD73E /* [CP] Embed Pods Frameworks */ = {
			isa = PBXShellScriptBuildPhase;
			buildActionMask = 2147483647;
			files = (
			);
			inputFileListPaths = (
			);
			inputPaths = (
				"${SRCROOT}/Pods/Target Support Files/Pods-RealmSample/Pods-RealmSample-frameworks.sh",
				"${BUILT_PRODUCTS_DIR}/Realm/Realm.framework",
				"${BUILT_PRODUCTS_DIR}/RealmSwift/RealmSwift.framework",
			);
			name = "[CP] Embed Pods Frameworks";
			outputFileListPaths = (
			);
			outputPaths = (
				"${TARGET_BUILD_DIR}/${FRAMEWORKS_FOLDER_PATH}/Realm.framework",
				"${TARGET_BUILD_DIR}/${FRAMEWORKS_FOLDER_PATH}/RealmSwift.framework",
			);
			runOnlyForDeploymentPostprocessing = 0;
			shellPath = /bin/sh;
			shellScript = "\"${SRCROOT}/Pods/Target Support Files/Pods-RealmSample/Pods-RealmSample-frameworks.sh\"\n";
			showEnvVarsInLog = 0;
		};
		75002165002353AAC74D3766 /* [CP] Check Pods Manifest.lock */ = {
			isa = PBXShellScriptBuildPhase;
			buildActionMask = 2147483647;
			files = (
			);
			inputFileListPaths = (
			);
			inputPaths = (
				"${PODS_PODFILE_DIR_PATH}/Podfile.lock",
				"${PODS_ROOT}/Manifest.lock",
			);
			name = "[CP] Check Pods Manifest.lock";
			outputFileListPaths = (
			);
			outputPaths = (
				"$(DERIVED_FILE_DIR)/Pods-RealmSample-checkManifestLockResult.txt",
			);
			runOnlyForDeploymentPostprocessing = 0;
			shellPath = /bin/sh;
			shellScript = "diff \"${PODS_PODFILE_DIR_PATH}/Podfile.lock\" \"${PODS_ROOT}/Manifest.lock\" > /dev/null\nif [ $? != 0 ] ; then\n    # print error to STDERR\n    echo \"error: The sandbox is not in sync with the Podfile.lock. Run 'pod install' or update your CocoaPods installation.\" >&2\n    exit 1\nfi\n# This output is used by Xcode 'outputs' to avoid re-running this script phase.\necho \"SUCCESS\" > \"${SCRIPT_OUTPUT_FILE_0}\"\n";
			showEnvVarsInLog = 0;
		};
/* End PBXShellScriptBuildPhase section */

/* Begin PBXSourcesBuildPhase section */
		A779B317218ECEEA0012EA83 /* Sources */ = {
			isa = PBXSourcesBuildPhase;
			buildActionMask = 2147483647;
			files = (
				A779B321218ECEEA0012EA83 /* ViewController.swift in Sources */,
				A779B31F218ECEEA0012EA83 /* AppDelegate.swift in Sources */,
				A779B34D218ED0370012EA83 /* AddViewController.swift in Sources */,
				A779B34F21901F6E0012EA83 /* TableViewController.swift in Sources */,
				A779B351219021860012EA83 /* Todo.swift in Sources */,
			);
			runOnlyForDeploymentPostprocessing = 0;
		};
		A779B32B218ECEEB0012EA83 /* Sources */ = {
			isa = PBXSourcesBuildPhase;
			buildActionMask = 2147483647;
			files = (
				A779B334218ECEEB0012EA83 /* RealmSampleTests.swift in Sources */,
			);
			runOnlyForDeploymentPostprocessing = 0;
		};
		A779B336218ECEEB0012EA83 /* Sources */ = {
			isa = PBXSourcesBuildPhase;
			buildActionMask = 2147483647;
			files = (
				A779B33F218ECEEB0012EA83 /* RealmSampleUITests.swift in Sources */,
			);
			runOnlyForDeploymentPostprocessing = 0;
		};
/* End PBXSourcesBuildPhase section */

/* Begin PBXTargetDependency section */
		A779B331218ECEEB0012EA83 /* PBXTargetDependency */ = {
			isa = PBXTargetDependency;
			target = A779B31A218ECEEA0012EA83 /* RealmSample */;
			targetProxy = A779B330218ECEEB0012EA83 /* PBXContainerItemProxy */;
		};
		A779B33C218ECEEB0012EA83 /* PBXTargetDependency */ = {
			isa = PBXTargetDependency;
			target = A779B31A218ECEEA0012EA83 /* RealmSample */;
			targetProxy = A779B33B218ECEEB0012EA83 /* PBXContainerItemProxy */;
		};
/* End PBXTargetDependency section */

/* Begin PBXVariantGroup section */
		A779B322218ECEEA0012EA83 /* Main.storyboard */ = {
			isa = PBXVariantGroup;
			children = (
				A779B323218ECEEA0012EA83 /* Base */,
			);
			name = Main.storyboard;
			sourceTree = "<group>";
		};
		A779B327218ECEEB0012EA83 /* LaunchScreen.storyboard */ = {
			isa = PBXVariantGroup;
			children = (
				A779B328218ECEEB0012EA83 /* Base */,
			);
			name = LaunchScreen.storyboard;
			sourceTree = "<group>";
		};
/* End PBXVariantGroup section */

/* Begin XCBuildConfiguration section */
		A779B341218ECEEC0012EA83 /* Debug */ = {
			isa = XCBuildConfiguration;
			buildSettings = {
				ALWAYS_SEARCH_USER_PATHS = NO;
				CLANG_ANALYZER_NONNULL = YES;
				CLANG_ANALYZER_NUMBER_OBJECT_CONVERSION = YES_AGGRESSIVE;
				CLANG_CXX_LANGUAGE_STANDARD = "gnu++14";
				CLANG_CXX_LIBRARY = "libc++";
				CLANG_ENABLE_MODULES = YES;
				CLANG_ENABLE_OBJC_ARC = YES;
				CLANG_ENABLE_OBJC_WEAK = YES;
				CLANG_WARN_BLOCK_CAPTURE_AUTORELEASING = YES;
				CLANG_WARN_BOOL_CONVERSION = YES;
				CLANG_WARN_COMMA = YES;
				CLANG_WARN_CONSTANT_CONVERSION = YES;
				CLANG_WARN_DEPRECATED_OBJC_IMPLEMENTATIONS = YES;
				CLANG_WARN_DIRECT_OBJC_ISA_USAGE = YES_ERROR;
				CLANG_WARN_DOCUMENTATION_COMMENTS = YES;
				CLANG_WARN_EMPTY_BODY = YES;
				CLANG_WARN_ENUM_CONVERSION = YES;
				CLANG_WARN_INFINITE_RECURSION = YES;
				CLANG_WARN_INT_CONVERSION = YES;
				CLANG_WARN_NON_LITERAL_NULL_CONVERSION = YES;
				CLANG_WARN_OBJC_IMPLICIT_RETAIN_SELF = YES;
				CLANG_WARN_OBJC_LITERAL_CONVERSION = YES;
				CLANG_WARN_OBJC_ROOT_CLASS = YES_ERROR;
				CLANG_WARN_RANGE_LOOP_ANALYSIS = YES;
				CLANG_WARN_STRICT_PROTOTYPES = YES;
				CLANG_WARN_SUSPICIOUS_MOVE = YES;
				CLANG_WARN_UNGUARDED_AVAILABILITY = YES_AGGRESSIVE;
				CLANG_WARN_UNREACHABLE_CODE = YES;
				CLANG_WARN__DUPLICATE_METHOD_MATCH = YES;
				CODE_SIGN_IDENTITY = "iPhone Developer";
				COPY_PHASE_STRIP = NO;
				DEBUG_INFORMATION_FORMAT = dwarf;
				ENABLE_STRICT_OBJC_MSGSEND = YES;
				ENABLE_TESTABILITY = YES;
				GCC_C_LANGUAGE_STANDARD = gnu11;
				GCC_DYNAMIC_NO_PIC = NO;
				GCC_NO_COMMON_BLOCKS = YES;
				GCC_OPTIMIZATION_LEVEL = 0;
				GCC_PREPROCESSOR_DEFINITIONS = (
					"DEBUG=1",
					"$(inherited)",
				);
				GCC_WARN_64_TO_32_BIT_CONVERSION = YES;
				GCC_WARN_ABOUT_RETURN_TYPE = YES_ERROR;
				GCC_WARN_UNDECLARED_SELECTOR = YES;
				GCC_WARN_UNINITIALIZED_AUTOS = YES_AGGRESSIVE;
				GCC_WARN_UNUSED_FUNCTION = YES;
				GCC_WARN_UNUSED_VARIABLE = YES;
				IPHONEOS_DEPLOYMENT_TARGET = 12.0;
				MTL_ENABLE_DEBUG_INFO = INCLUDE_SOURCE;
				MTL_FAST_MATH = YES;
				ONLY_ACTIVE_ARCH = YES;
				SDKROOT = iphoneos;
				SWIFT_ACTIVE_COMPILATION_CONDITIONS = DEBUG;
				SWIFT_OPTIMIZATION_LEVEL = "-Onone";
			};
			name = Debug;
		};
		A779B342218ECEEC0012EA83 /* Release */ = {
			isa = XCBuildConfiguration;
			buildSettings = {
				ALWAYS_SEARCH_USER_PATHS = NO;
				CLANG_ANALYZER_NONNULL = YES;
				CLANG_ANALYZER_NUMBER_OBJECT_CONVERSION = YES_AGGRESSIVE;
				CLANG_CXX_LANGUAGE_STANDARD = "gnu++14";
				CLANG_CXX_LIBRARY = "libc++";
				CLANG_ENABLE_MODULES = YES;
				CLANG_ENABLE_OBJC_ARC = YES;
				CLANG_ENABLE_OBJC_WEAK = YES;
				CLANG_WARN_BLOCK_CAPTURE_AUTORELEASING = YES;
				CLANG_WARN_BOOL_CONVERSION = YES;
				CLANG_WARN_COMMA = YES;
				CLANG_WARN_CONSTANT_CONVERSION = YES;
				CLANG_WARN_DEPRECATED_OBJC_IMPLEMENTATIONS = YES;
				CLANG_WARN_DIRECT_OBJC_ISA_USAGE = YES_ERROR;
				CLANG_WARN_DOCUMENTATION_COMMENTS = YES;
				CLANG_WARN_EMPTY_BODY = YES;
				CLANG_WARN_ENUM_CONVERSION = YES;
				CLANG_WARN_INFINITE_RECURSION = YES;
				CLANG_WARN_INT_CONVERSION = YES;
				CLANG_WARN_NON_LITERAL_NULL_CONVERSION = YES;
				CLANG_WARN_OBJC_IMPLICIT_RETAIN_SELF = YES;
				CLANG_WARN_OBJC_LITERAL_CONVERSION = YES;
				CLANG_WARN_OBJC_ROOT_CLASS = YES_ERROR;
				CLANG_WARN_RANGE_LOOP_ANALYSIS = YES;
				CLANG_WARN_STRICT_PROTOTYPES = YES;
				CLANG_WARN_SUSPICIOUS_MOVE = YES;
				CLANG_WARN_UNGUARDED_AVAILABILITY = YES_AGGRESSIVE;
				CLANG_WARN_UNREACHABLE_CODE = YES;
				CLANG_WARN__DUPLICATE_METHOD_MATCH = YES;
				CODE_SIGN_IDENTITY = "iPhone Developer";
				COPY_PHASE_STRIP = NO;
				DEBUG_INFORMATION_FORMAT = "dwarf-with-dsym";
				ENABLE_NS_ASSERTIONS = NO;
				ENABLE_STRICT_OBJC_MSGSEND = YES;
				GCC_C_LANGUAGE_STANDARD = gnu11;
				GCC_NO_COMMON_BLOCKS = YES;
				GCC_WARN_64_TO_32_BIT_CONVERSION = YES;
				GCC_WARN_ABOUT_RETURN_TYPE = YES_ERROR;
				GCC_WARN_UNDECLARED_SELECTOR = YES;
				GCC_WARN_UNINITIALIZED_AUTOS = YES_AGGRESSIVE;
				GCC_WARN_UNUSED_FUNCTION = YES;
				GCC_WARN_UNUSED_VARIABLE = YES;
				IPHONEOS_DEPLOYMENT_TARGET = 12.0;
				MTL_ENABLE_DEBUG_INFO = NO;
				MTL_FAST_MATH = YES;
				SDKROOT = iphoneos;
				SWIFT_COMPILATION_MODE = wholemodule;
				SWIFT_OPTIMIZATION_LEVEL = "-O";
				VALIDATE_PRODUCT = YES;
			};
			name = Release;
		};
		A779B344218ECEEC0012EA83 /* Debug */ = {
			isa = XCBuildConfiguration;
			baseConfigurationReference = 16544F63C41C3625B692D27A /* Pods-RealmSample.debug.xcconfig */;
			buildSettings = {
				ASSETCATALOG_COMPILER_APPICON_NAME = AppIcon;
				CODE_SIGN_STYLE = Automatic;
				INFOPLIST_FILE = RealmSample/Info.plist;
				LD_RUNPATH_SEARCH_PATHS = (
					"$(inherited)",
					"@executable_path/Frameworks",
				);
				PRODUCT_BUNDLE_IDENTIFIER = com.shiromu.RealmSample;
				PRODUCT_NAME = "$(TARGET_NAME)";
				SWIFT_VERSION = 4.2;
				TARGETED_DEVICE_FAMILY = "1,2";
			};
			name = Debug;
		};
		A779B345218ECEEC0012EA83 /* Release */ = {
			isa = XCBuildConfiguration;
			baseConfigurationReference = 31EF3CACA34B3E7D899DF0FC /* Pods-RealmSample.release.xcconfig */;
			buildSettings = {
				ASSETCATALOG_COMPILER_APPICON_NAME = AppIcon;
				CODE_SIGN_STYLE = Automatic;
				INFOPLIST_FILE = RealmSample/Info.plist;
				LD_RUNPATH_SEARCH_PATHS = (
					"$(inherited)",
					"@executable_path/Frameworks",
				);
				PRODUCT_BUNDLE_IDENTIFIER = com.shiromu.RealmSample;
				PRODUCT_NAME = "$(TARGET_NAME)";
				SWIFT_VERSION = 4.2;
				TARGETED_DEVICE_FAMILY = "1,2";
			};
			name = Release;
		};
		A779B347218ECEEC0012EA83 /* Debug */ = {
			isa = XCBuildConfiguration;
			baseConfigurationReference = 494DF142088F7A6E2A234F1C /* Pods-RealmSampleTests.debug.xcconfig */;
			buildSettings = {
				ALWAYS_EMBED_SWIFT_STANDARD_LIBRARIES = YES;
				BUNDLE_LOADER = "$(TEST_HOST)";
				CODE_SIGN_STYLE = Automatic;
				INFOPLIST_FILE = RealmSampleTests/Info.plist;
				LD_RUNPATH_SEARCH_PATHS = (
					"$(inherited)",
					"@executable_path/Frameworks",
					"@loader_path/Frameworks",
				);
				PRODUCT_BUNDLE_IDENTIFIER = com.shiromu.RealmSampleTests;
				PRODUCT_NAME = "$(TARGET_NAME)";
				SWIFT_VERSION = 4.2;
				TARGETED_DEVICE_FAMILY = "1,2";
				TEST_HOST = "$(BUILT_PRODUCTS_DIR)/RealmSample.app/RealmSample";
			};
			name = Debug;
		};
		A779B348218ECEEC0012EA83 /* Release */ = {
			isa = XCBuildConfiguration;
			baseConfigurationReference = 607FC1E90AC30E128FC06588 /* Pods-RealmSampleTests.release.xcconfig */;
			buildSettings = {
				ALWAYS_EMBED_SWIFT_STANDARD_LIBRARIES = YES;
				BUNDLE_LOADER = "$(TEST_HOST)";
				CODE_SIGN_STYLE = Automatic;
				INFOPLIST_FILE = RealmSampleTests/Info.plist;
				LD_RUNPATH_SEARCH_PATHS = (
					"$(inherited)",
					"@executable_path/Frameworks",
					"@loader_path/Frameworks",
				);
				PRODUCT_BUNDLE_IDENTIFIER = com.shiromu.RealmSampleTests;
				PRODUCT_NAME = "$(TARGET_NAME)";
				SWIFT_VERSION = 4.2;
				TARGETED_DEVICE_FAMILY = "1,2";
				TEST_HOST = "$(BUILT_PRODUCTS_DIR)/RealmSample.app/RealmSample";
			};
			name = Release;
		};
		A779B34A218ECEEC0012EA83 /* Debug */ = {
			isa = XCBuildConfiguration;
			baseConfigurationReference = 21297A981F3289BBA8B6863E /* Pods-RealmSampleUITests.debug.xcconfig */;
			buildSettings = {
				ALWAYS_EMBED_SWIFT_STANDARD_LIBRARIES = YES;
				CODE_SIGN_STYLE = Automatic;
				INFOPLIST_FILE = RealmSampleUITests/Info.plist;
				LD_RUNPATH_SEARCH_PATHS = (
					"$(inherited)",
					"@executable_path/Frameworks",
					"@loader_path/Frameworks",
				);
				PRODUCT_BUNDLE_IDENTIFIER = com.shiromu.RealmSampleUITests;
				PRODUCT_NAME = "$(TARGET_NAME)";
				SWIFT_VERSION = 4.2;
				TARGETED_DEVICE_FAMILY = "1,2";
				TEST_TARGET_NAME = RealmSample;
			};
			name = Debug;
		};
		A779B34B218ECEEC0012EA83 /* Release */ = {
			isa = XCBuildConfiguration;
			baseConfigurationReference = 090F14B64D9B958B0BB3D6D1 /* Pods-RealmSampleUITests.release.xcconfig */;
			buildSettings = {
				ALWAYS_EMBED_SWIFT_STANDARD_LIBRARIES = YES;
				CODE_SIGN_STYLE = Automatic;
				INFOPLIST_FILE = RealmSampleUITests/Info.plist;
				LD_RUNPATH_SEARCH_PATHS = (
					"$(inherited)",
					"@executable_path/Frameworks",
					"@loader_path/Frameworks",
				);
				PRODUCT_BUNDLE_IDENTIFIER = com.shiromu.RealmSampleUITests;
				PRODUCT_NAME = "$(TARGET_NAME)";
				SWIFT_VERSION = 4.2;
				TARGETED_DEVICE_FAMILY = "1,2";
				TEST_TARGET_NAME = RealmSample;
			};
			name = Release;
		};
/* End XCBuildConfiguration section */

/* Begin XCConfigurationList section */
		A779B316218ECEEA0012EA83 /* Build configuration list for PBXProject "RealmSample" */ = {
			isa = XCConfigurationList;
			buildConfigurations = (
				A779B341218ECEEC0012EA83 /* Debug */,
				A779B342218ECEEC0012EA83 /* Release */,
			);
			defaultConfigurationIsVisible = 0;
			defaultConfigurationName = Release;
		};
		A779B343218ECEEC0012EA83 /* Build configuration list for PBXNativeTarget "RealmSample" */ = {
			isa = XCConfigurationList;
			buildConfigurations = (
				A779B344218ECEEC0012EA83 /* Debug */,
				A779B345218ECEEC0012EA83 /* Release */,
			);
			defaultConfigurationIsVisible = 0;
			defaultConfigurationName = Release;
		};
		A779B346218ECEEC0012EA83 /* Build configuration list for PBXNativeTarget "RealmSampleTests" */ = {
			isa = XCConfigurationList;
			buildConfigurations = (
				A779B347218ECEEC0012EA83 /* Debug */,
				A779B348218ECEEC0012EA83 /* Release */,
			);
			defaultConfigurationIsVisible = 0;
			defaultConfigurationName = Release;
		};
		A779B349218ECEEC0012EA83 /* Build configuration list for PBXNativeTarget "RealmSampleUITests" */ = {
			isa = XCConfigurationList;
			buildConfigurations = (
				A779B34A218ECEEC0012EA83 /* Debug */,
				A779B34B218ECEEC0012EA83 /* Release */,
			);
			defaultConfigurationIsVisible = 0;
			defaultConfigurationName = Release;
		};
/* End XCConfigurationList section */
	};
	rootObject = A779B313218ECEEA0012EA83 /* Project object */;
}
